
Microsoft Visual Studio Solution File, Format Version 12.00
# Visual Studio Version 17
VisualStudioVersion = 17.14.36518.9
MinimumVisualStudioVersion = 10.0.40219.1
Project("{FAE04EC0-301F-11D3-BF4B-00C04F79EFBC}") = "WebApp", "WebApp\WebApp.csproj", "{62E93FCF-B327-4AE2-85F2-39EF75489638}"
EndProject
Project("{FAE04EC0-301F-11D3-BF4B-00C04F79EFBC}") = "WebApp.Tests.Unit", "Tests\WebApp.Tests.Unit\WebApp.Tests.Unit.csproj", "{FFE63C18-E451-40CF-B91A-3BF694358028}"
EndProject
Global
	GlobalSection(SolutionConfigurationPlatforms) = preSolution
		Debug|Any CPU = Debug|Any CPU
		Release|Any CPU = Release|Any CPU
	EndGlobalSection
	GlobalSection(ProjectConfigurationPlatforms) = postSolution
		{62E93FCF-B327-4AE2-85F2-39EF75489638}.Debug|Any CPU.ActiveCfg = Debug|Any CPU
		{62E93FCF-B327-4AE2-85F2-39EF75489638}.Debug|Any CPU.Build.0 = Debug|Any CPU
		{62E93FCF-B327-4AE2-85F2-39EF75489638}.Release|Any CPU.ActiveCfg = Release|Any CPU
		{62E93FCF-B327-4AE2-85F2-39EF75489638}.Release|Any CPU.Build.0 = Release|Any CPU
		{FFE63C18-E451-40CF-B91A-3BF694358028}.Debug|Any CPU.ActiveCfg = Debug|Any CPU
		{FFE63C18-E451-40CF-B91A-3BF694358028}.Debug|Any CPU.Build.0 = Debug|Any CPU
		{FFE63C18-E451-40CF-B91A-3BF694358028}.Release|Any CPU.ActiveCfg = Release|Any CPU
		{FFE63C18-E451-40CF-B91A-3BF694358028}.Release|Any CPU.Build.0 = Release|Any CPU
	EndGlobalSection
	GlobalSection(SolutionProperties) = preSolution
		HideSolutionNode = FALSE
	EndGlobalSection
	GlobalSection(ExtensibilityGlobals) = postSolution
		SolutionGuid = {8BC726D0-8B16-43EE-9CE3-7B7AD8E51ED1}
	EndGlobalSection
EndGlobal
